
Microsoft Visual Studio Solution File, Format Version 12.00
# Visual Studio Version 17
VisualStudioVersion = 17.9.34616.47
MinimumVisualStudioVersion = 10.0.40219.1
Project("{FAE04EC0-301F-11D3-BF4B-00C04F79EFBC}") = "LabWork15 (3.3)", "LabWork15 (3.3)\LabWork15 (3.3).csproj", "{9EE5B567-8674-4153-8EF8-FE5F6CC74C18}"
EndProject
Global
	GlobalSection(SolutionConfigurationPlatforms) = preSolution
		Debug|Any CPU = Debug|Any CPU
		Release|Any CPU = Release|Any CPU
	EndGlobalSection
	GlobalSection(ProjectConfigurationPlatforms) = postSolution
		{9EE5B567-8674-4153-8EF8-FE5F6CC74C18}.Debug|Any CPU.ActiveCfg = Debug|Any CPU
		{9EE5B567-8674-4153-8EF8-FE5F6CC74C18}.Debug|Any CPU.Build.0 = Debug|Any CPU
		{9EE5B567-8674-4153-8EF8-FE5F6CC74C18}.Release|Any CPU.ActiveCfg = Release|Any CPU
		{9EE5B567-8674-4153-8EF8-FE5F6CC74C18}.Release|Any CPU.Build.0 = Release|Any CPU
	EndGlobalSection
	GlobalSection(SolutionProperties) = preSolution
		HideSolutionNode = FALSE
	EndGlobalSection
	GlobalSection(ExtensibilityGlobals) = postSolution
		SolutionGuid = {89845933-8044-4671-9B27-5B00F8B3EED3}
	EndGlobalSection
EndGlobal
